################################################################################
# Filename: divisor.ioc
# Author: ZHU, Jingyang
# Email: jzhuak@connect.ust.hk
# Affiliation: Hong Kong University of Science and Technology
# ------------------------------------------------------------------------------
#
# This file defines the IO location constraint of the divider module. The input
# pins are allocated at the left and right edge (on Metal 5). The output pins
# are allocated at the top and bottom edge (on Metal 6). The space between each
# pin is set as 1.5um. There is an offset of 1um to ensure the module pins do
# not have any overlap with each other. Each pin dimension is set to be 0.14um x
# 0.14um.
#
# Note: if we do not provide the IO location constraint for our divider module,
# the Encounter will randomly place our pins.
################################################################################

(globals
    version = 3
    io_order = default
    space = 1.5
)
(iopin
    (top
	(pin name="quotient[0]"	 layer=6 width=0.1400 depth=0.1400 offset=1.0)
	(pin name="quotient[1]"	 layer=6 width=0.1400 depth=0.1400 )
	(pin name="quotient[2]"	 layer=6 width=0.1400 depth=0.1400 )
	(pin name="quotient[3]"	 layer=6 width=0.1400 depth=0.1400 )
	(pin name="quotient[4]"	 layer=6 width=0.1400 depth=0.1400 )
	(pin name="quotient[5]"	 layer=6 width=0.1400 depth=0.1400 )
	(pin name="quotient[6]"	 layer=6 width=0.1400 depth=0.1400 )
	(pin name="quotient[7]"	 layer=6 width=0.1400 depth=0.1400 )
	(pin name="quotient[8]"	 layer=6 width=0.1400 depth=0.1400 )
	(pin name="quotient[9]"	 layer=6 width=0.1400 depth=0.1400 )
	(pin name="quotient[10]"	 layer=6 width=0.1400 depth=0.1400 )
	(pin name="quotient[11]"	 layer=6 width=0.1400 depth=0.1400 )
	(pin name="quotient[12]"	 layer=6 width=0.1400 depth=0.1400 )
	(pin name="quotient[13]"	 layer=6 width=0.1400 depth=0.1400 )
	(pin name="quotient[14]"	 layer=6 width=0.1400 depth=0.1400 )
	(pin name="quotient[15]"	 layer=6 width=0.1400 depth=0.1400 )
	(pin name="done"	 layer=6 width=0.1400 depth=0.1400 )
	(pin name="quotient[16]"	 layer=6 width=0.1400 depth=0.1400 )
	(pin name="quotient[17]"	 layer=6 width=0.1400 depth=0.1400 )
	(pin name="quotient[18]"	 layer=6 width=0.1400 depth=0.1400 )
	(pin name="quotient[19]"	 layer=6 width=0.1400 depth=0.1400 )
	(pin name="quotient[20]"	 layer=6 width=0.1400 depth=0.1400 )
	(pin name="quotient[21]"	 layer=6 width=0.1400 depth=0.1400 )
	(pin name="quotient[22]"	 layer=6 width=0.1400 depth=0.1400 )
	(pin name="quotient[23]"	 layer=6 width=0.1400 depth=0.1400 )
	(pin name="quotient[24]"	 layer=6 width=0.1400 depth=0.1400 )
	(pin name="quotient[25]"	 layer=6 width=0.1400 depth=0.1400 )
	(pin name="quotient[26]"	 layer=6 width=0.1400 depth=0.1400 )
	(pin name="quotient[27]"	 layer=6 width=0.1400 depth=0.1400 )
	(pin name="quotient[28]"	 layer=6 width=0.1400 depth=0.1400 )
	(pin name="quotient[29]"	 layer=6 width=0.1400 depth=0.1400 )
	(pin name="quotient[30]"	 layer=6 width=0.1400 depth=0.1400 )
	(pin name="quotient[31]"	 layer=6 width=0.1400 depth=0.1400 )
    )
    (left
	(pin name="dividend[0]"	 layer=5 width=0.1400 depth=0.1400 offset=1.0)
	(pin name="dividend[1]"	 layer=5 width=0.1400 depth=0.1400 )
	(pin name="dividend[2]"	 layer=5 width=0.1400 depth=0.1400 )
	(pin name="dividend[3]"	 layer=5 width=0.1400 depth=0.1400 )
	(pin name="dividend[4]"	 layer=5 width=0.1400 depth=0.1400 )
	(pin name="dividend[5]"	 layer=5 width=0.1400 depth=0.1400 )
	(pin name="dividend[6]"	 layer=5 width=0.1400 depth=0.1400 )
	(pin name="dividend[7]"	 layer=5 width=0.1400 depth=0.1400 )
	(pin name="dividend[8]"	 layer=5 width=0.1400 depth=0.1400 )
	(pin name="dividend[9]"	 layer=5 width=0.1400 depth=0.1400 )
	(pin name="dividend[10]"	 layer=5 width=0.1400 depth=0.1400 )
	(pin name="dividend[11]"	 layer=5 width=0.1400 depth=0.1400 )
	(pin name="dividend[12]"	 layer=5 width=0.1400 depth=0.1400 )
	(pin name="dividend[13]"	 layer=5 width=0.1400 depth=0.1400 )
	(pin name="dividend[14]"	 layer=5 width=0.1400 depth=0.1400 )
	(pin name="dividend[15]"	 layer=5 width=0.1400 depth=0.1400 )
	(pin name="clk"	 layer=5 width=0.1400 depth=0.1400 )
	(pin name="rst"	 layer=5 width=0.1400 depth=0.1400 )
	(pin name="dividend[16]"	 layer=5 width=0.1400 depth=0.1400 )
	(pin name="dividend[17]"	 layer=5 width=0.1400 depth=0.1400 )
	(pin name="dividend[18]"	 layer=5 width=0.1400 depth=0.1400 )
	(pin name="dividend[19]"	 layer=5 width=0.1400 depth=0.1400 )
	(pin name="dividend[20]"	 layer=5 width=0.1400 depth=0.1400 )
	(pin name="dividend[21]"	 layer=5 width=0.1400 depth=0.1400 )
	(pin name="dividend[22]"	 layer=5 width=0.1400 depth=0.1400 )
	(pin name="dividend[23]"	 layer=5 width=0.1400 depth=0.1400 )
	(pin name="dividend[24]"	 layer=5 width=0.1400 depth=0.1400 )
	(pin name="dividend[25]"	 layer=5 width=0.1400 depth=0.1400 )
	(pin name="dividend[26]"	 layer=5 width=0.1400 depth=0.1400 )
	(pin name="dividend[27]"	 layer=5 width=0.1400 depth=0.1400 )
	(pin name="dividend[28]"	 layer=5 width=0.1400 depth=0.1400 )
	(pin name="dividend[29]"	 layer=5 width=0.1400 depth=0.1400 )
	(pin name="dividend[30]"	 layer=5 width=0.1400 depth=0.1400 )
	(pin name="dividend[31]"	 layer=5 width=0.1400 depth=0.1400 )
    )
    (bottom
	(pin name="remainder[31]"	 layer=6 width=0.1400 depth=0.1400 offset=1.0)
	(pin name="remainder[30]"	 layer=6 width=0.1400 depth=0.1400 )
	(pin name="remainder[29]"	 layer=6 width=0.1400 depth=0.1400 )
	(pin name="remainder[28]"	 layer=6 width=0.1400 depth=0.1400 )
	(pin name="remainder[27]"	 layer=6 width=0.1400 depth=0.1400 )
	(pin name="remainder[26]"	 layer=6 width=0.1400 depth=0.1400 )
	(pin name="remainder[25]"	 layer=6 width=0.1400 depth=0.1400 )
	(pin name="remainder[24]"	 layer=6 width=0.1400 depth=0.1400 )
	(pin name="remainder[23]"	 layer=6 width=0.1400 depth=0.1400 )
	(pin name="remainder[22]"	 layer=6 width=0.1400 depth=0.1400 )
	(pin name="remainder[21]"	 layer=6 width=0.1400 depth=0.1400 )
	(pin name="remainder[20]"	 layer=6 width=0.1400 depth=0.1400 )
	(pin name="remainder[19]"	 layer=6 width=0.1400 depth=0.1400 )
	(pin name="remainder[18]"	 layer=6 width=0.1400 depth=0.1400 )
	(pin name="remainder[17]"	 layer=6 width=0.1400 depth=0.1400 )
	(pin name="remainder[16]"	 layer=6 width=0.1400 depth=0.1400 )
	(pin name="remainder[15]"	 layer=6 width=0.1400 depth=0.1400 )
	(pin name="remainder[14]"	 layer=6 width=0.1400 depth=0.1400 )
	(pin name="remainder[13]"	 layer=6 width=0.1400 depth=0.1400 )
	(pin name="remainder[12]"	 layer=6 width=0.1400 depth=0.1400 )
	(pin name="remainder[11]"	 layer=6 width=0.1400 depth=0.1400 )
	(pin name="remainder[10]"	 layer=6 width=0.1400 depth=0.1400 )
	(pin name="remainder[9]"	 layer=6 width=0.1400 depth=0.1400 )
	(pin name="remainder[8]"	 layer=6 width=0.1400 depth=0.1400 )
	(pin name="remainder[7]"	 layer=6 width=0.1400 depth=0.1400 )
	(pin name="remainder[6]"	 layer=6 width=0.1400 depth=0.1400 )
	(pin name="remainder[5]"	 layer=6 width=0.1400 depth=0.1400 )
	(pin name="remainder[4]"	 layer=6 width=0.1400 depth=0.1400 )
	(pin name="remainder[3]"	 layer=6 width=0.1400 depth=0.1400 )
	(pin name="remainder[2]"	 layer=6 width=0.1400 depth=0.1400 )
	(pin name="remainder[1]"	 layer=6 width=0.1400 depth=0.1400 )
	(pin name="remainder[0]"	 layer=6 width=0.1400 depth=0.1400 )
    )
    (right
	(pin name="divisor[31]"	 layer=5 width=0.1400 depth=0.1400 offset=1.0)
	(pin name="divisor[30]"	 layer=5 width=0.1400 depth=0.1400 )
	(pin name="divisor[29]"	 layer=5 width=0.1400 depth=0.1400 )
	(pin name="divisor[28]"	 layer=5 width=0.1400 depth=0.1400 )
	(pin name="divisor[27]"	 layer=5 width=0.1400 depth=0.1400 )
	(pin name="divisor[26]"	 layer=5 width=0.1400 depth=0.1400 )
	(pin name="divisor[25]"	 layer=5 width=0.1400 depth=0.1400 )
	(pin name="divisor[24]"	 layer=5 width=0.1400 depth=0.1400 )
	(pin name="divisor[23]"	 layer=5 width=0.1400 depth=0.1400 )
	(pin name="divisor[22]"	 layer=5 width=0.1400 depth=0.1400 )
	(pin name="divisor[21]"	 layer=5 width=0.1400 depth=0.1400 )
	(pin name="divisor[20]"	 layer=5 width=0.1400 depth=0.1400 )
	(pin name="divisor[19]"	 layer=5 width=0.1400 depth=0.1400 )
	(pin name="divisor[18]"	 layer=5 width=0.1400 depth=0.1400 )
	(pin name="divisor[17]"	 layer=5 width=0.1400 depth=0.1400 )
	(pin name="divisor[16]"	 layer=5 width=0.1400 depth=0.1400 )
	(pin name="start"	 layer=5 width=0.1400 depth=0.1400 )
	(pin name="divisor[15]"	 layer=5 width=0.1400 depth=0.1400 )
	(pin name="divisor[14]"	 layer=5 width=0.1400 depth=0.1400 )
	(pin name="divisor[13]"	 layer=5 width=0.1400 depth=0.1400 )
	(pin name="divisor[12]"	 layer=5 width=0.1400 depth=0.1400 )
	(pin name="divisor[11]"	 layer=5 width=0.1400 depth=0.1400 )
	(pin name="divisor[10]"	 layer=5 width=0.1400 depth=0.1400 )
	(pin name="divisor[9]"	 layer=5 width=0.1400 depth=0.1400 )
	(pin name="divisor[8]"	 layer=5 width=0.1400 depth=0.1400 )
	(pin name="divisor[7]"	 layer=5 width=0.1400 depth=0.1400 )
	(pin name="divisor[6]"	 layer=5 width=0.1400 depth=0.1400 )
	(pin name="divisor[5]"	 layer=5 width=0.1400 depth=0.1400 )
	(pin name="divisor[4]"	 layer=5 width=0.1400 depth=0.1400 )
	(pin name="divisor[3]"	 layer=5 width=0.1400 depth=0.1400 )
	(pin name="divisor[2]"	 layer=5 width=0.1400 depth=0.1400 )
	(pin name="divisor[1]"	 layer=5 width=0.1400 depth=0.1400 )
	(pin name="divisor[0]"	 layer=5 width=0.1400 depth=0.1400 )
    )
)
